
Microsoft Visual Studio Solution File, Format Version 12.00
# Visual Studio Version 17
VisualStudioVersion = 17.1.32228.430
MinimumVisualStudioVersion = 10.0.40219.1
Project("{FAE04EC0-301F-11D3-BF4B-00C04F79EFBC}") = "ClassesExercise", "ClassesExercise\ClassesExercise.csproj", "{B7957A6B-91A6-4432-BAAC-57591F5C1130}"
EndProject
Global
	GlobalSection(SolutionConfigurationPlatforms) = preSolution
		Debug|Any CPU = Debug|Any CPU
		Release|Any CPU = Release|Any CPU
	EndGlobalSection
	GlobalSection(ProjectConfigurationPlatforms) = postSolution
		{B7957A6B-91A6-4432-BAAC-57591F5C1130}.Debug|Any CPU.ActiveCfg = Debug|Any CPU
		{B7957A6B-91A6-4432-BAAC-57591F5C1130}.Debug|Any CPU.Build.0 = Debug|Any CPU
		{B7957A6B-91A6-4432-BAAC-57591F5C1130}.Release|Any CPU.ActiveCfg = Release|Any CPU
		{B7957A6B-91A6-4432-BAAC-57591F5C1130}.Release|Any CPU.Build.0 = Release|Any CPU
	EndGlobalSection
	GlobalSection(SolutionProperties) = preSolution
		HideSolutionNode = FALSE
	EndGlobalSection
	GlobalSection(ExtensibilityGlobals) = postSolution
		SolutionGuid = {D86D2B8D-00B2-4DD7-BDF7-596EACDDF315}
	EndGlobalSection
EndGlobal
